
Microsoft Visual Studio Solution File, Format Version 12.00
# Visual Studio 15
VisualStudioVersion = 15.0.28307.572
MinimumVisualStudioVersion = 10.0.40219.1
Project("{FAE04EC0-301F-11D3-BF4B-00C04F79EFBC}") = "CountingValleys", "CountingValleys\CountingValleys.csproj", "{C44932A3-9451-44ED-887E-924A36B80F70}"
EndProject
Global
	GlobalSection(SolutionConfigurationPlatforms) = preSolution
		Debug|Any CPU = Debug|Any CPU
		Release|Any CPU = Release|Any CPU
	EndGlobalSection
	GlobalSection(ProjectConfigurationPlatforms) = postSolution
		{C44932A3-9451-44ED-887E-924A36B80F70}.Debug|Any CPU.ActiveCfg = Debug|Any CPU
		{C44932A3-9451-44ED-887E-924A36B80F70}.Debug|Any CPU.Build.0 = Debug|Any CPU
		{C44932A3-9451-44ED-887E-924A36B80F70}.Release|Any CPU.ActiveCfg = Release|Any CPU
		{C44932A3-9451-44ED-887E-924A36B80F70}.Release|Any CPU.Build.0 = Release|Any CPU
	EndGlobalSection
	GlobalSection(SolutionProperties) = preSolution
		HideSolutionNode = FALSE
	EndGlobalSection
	GlobalSection(ExtensibilityGlobals) = postSolution
		SolutionGuid = {526A4C2F-5BC1-4E15-B30B-D6F946C1F878}
	EndGlobalSection
EndGlobal
